{
  "name": "mayonnaise.js",
  "version": "1.1.1",
  "lockfileVersion": 2,
  "requires": true,
  "packages": {
    "": {
      "name": "mayonnaise.js",
      "version": "1.1.1",
      "license": "MIT",
      "dependencies": {
        "casual": "^1.6.2"
      }
    },
    "node_modules/casual": {
      "version": "1.6.2",
      "resolved": "https://registry.npmjs.org/casual/-/casual-1.6.2.tgz",
      "integrity": "sha512-NQObL800rg32KZ9bBajHbyDjxLXxxuShChQg7A4tbSeG3n1t7VYGOSkzFSI9gkSgOHp+xilEJ7G0L5l6M30KYA==",
      "dependencies": {
        "mersenne-twister": "^1.0.1",
        "moment": "^2.15.2"
      }
    },
    "node_modules/mersenne-twister": {
      "version": "1.1.0",
      "resolved": "https://registry.npmjs.org/mersenne-twister/-/mersenne-twister-1.1.0.tgz",
      "integrity": "sha1-+RZhjuQ9cXnvz2Qb7EUx65Zwl4o="
    },
    "node_modules/moment": {
      "version": "2.24.0",
      "resolved": "https://registry.npmjs.org/moment/-/moment-2.24.0.tgz",
      "integrity": "sha512-bV7f+6l2QigeBBZSM/6yTNq4P2fNpSWj/0e7jQcy87A8e7o2nAfP/34/2ky5Vw4B9S446EtIhodAzkFCcR4dQg==",
      "engines": {
        "node": "*"
      }
    }
  },
  "dependencies": {
    "casual": {
      "version": "1.6.2",
      "resolved": "https://registry.npmjs.org/casual/-/casual-1.6.2.tgz",
      "integrity": "sha512-NQObL800rg32KZ9bBajHbyDjxLXxxuShChQg7A4tbSeG3n1t7VYGOSkzFSI9gkSgOHp+xilEJ7G0L5l6M30KYA==",
      "requires": {
        "mersenne-twister": "^1.0.1",
        "moment": "^2.15.2"
      }
    },
    "mersenne-twister": {
      "version": "1.1.0",
      "resolved": "https://registry.npmjs.org/mersenne-twister/-/mersenne-twister-1.1.0.tgz",
      "integrity": "sha1-+RZhjuQ9cXnvz2Qb7EUx65Zwl4o="
    },
    "moment": {
      "version": "2.24.0",
      "resolved": "https://registry.npmjs.org/moment/-/moment-2.24.0.tgz",
      "integrity": "sha512-bV7f+6l2QigeBBZSM/6yTNq4P2fNpSWj/0e7jQcy87A8e7o2nAfP/34/2ky5Vw4B9S446EtIhodAzkFCcR4dQg=="
    }
  }
}
